
Microsoft Visual Studio Solution File, Format Version 12.00
# Visual Studio Version 17
VisualStudioVersion = 17.7.34031.279
MinimumVisualStudioVersion = 10.0.40219.1
Project("{FAE04EC0-301F-11D3-BF4B-00C04F79EFBC}") = "Prueba_1_Asterix", "Prueba_1_Asterix.csproj", "{EC437E44-3253-46C9-AE8A-07B865244CD4}"
EndProject
Global
	GlobalSection(SolutionConfigurationPlatforms) = preSolution
		Debug|Any CPU = Debug|Any CPU
		Release|Any CPU = Release|Any CPU
	EndGlobalSection
	GlobalSection(ProjectConfigurationPlatforms) = postSolution
		{EC437E44-3253-46C9-AE8A-07B865244CD4}.Debug|Any CPU.ActiveCfg = Debug|Any CPU
		{EC437E44-3253-46C9-AE8A-07B865244CD4}.Debug|Any CPU.Build.0 = Debug|Any CPU
		{EC437E44-3253-46C9-AE8A-07B865244CD4}.Release|Any CPU.ActiveCfg = Release|Any CPU
		{EC437E44-3253-46C9-AE8A-07B865244CD4}.Release|Any CPU.Build.0 = Release|Any CPU
	EndGlobalSection
	GlobalSection(SolutionProperties) = preSolution
		HideSolutionNode = FALSE
	EndGlobalSection
	GlobalSection(ExtensibilityGlobals) = postSolution
		SolutionGuid = {E9BBAC45-B00A-463D-AD9A-A6426804D381}
	EndGlobalSection
EndGlobal
